
Microsoft Visual Studio Solution File, Format Version 12.00
# Visual Studio Version 16
VisualStudioVersion = 16.0.30711.63
MinimumVisualStudioVersion = 10.0.40219.1
Project("{FAE04EC0-301F-11D3-BF4B-00C04F79EFBC}") = "OrderProcessor", "OrderProcessor\OrderProcessor.csproj", "{0311699C-E670-4A6C-A494-1BBC84711BBA}"
EndProject
Global
	GlobalSection(SolutionConfigurationPlatforms) = preSolution
		Debug|Any CPU = Debug|Any CPU
		Release|Any CPU = Release|Any CPU
	EndGlobalSection
	GlobalSection(ProjectConfigurationPlatforms) = postSolution
		{0311699C-E670-4A6C-A494-1BBC84711BBA}.Debug|Any CPU.ActiveCfg = Debug|Any CPU
		{0311699C-E670-4A6C-A494-1BBC84711BBA}.Debug|Any CPU.Build.0 = Debug|Any CPU
		{0311699C-E670-4A6C-A494-1BBC84711BBA}.Release|Any CPU.ActiveCfg = Release|Any CPU
		{0311699C-E670-4A6C-A494-1BBC84711BBA}.Release|Any CPU.Build.0 = Release|Any CPU
	EndGlobalSection
	GlobalSection(SolutionProperties) = preSolution
		HideSolutionNode = FALSE
	EndGlobalSection
	GlobalSection(ExtensibilityGlobals) = postSolution
		SolutionGuid = {A7D08CD7-F315-4C91-A243-503FEFD8926F}
	EndGlobalSection
EndGlobal
